
Microsoft Visual Studio Solution File, Format Version 12.00
# Visual Studio 2012
Project("{FAE04EC0-301F-11D3-BF4B-00C04F79EFBC}") = "Wpf_EnlaceDatosDirecto", "Wpf_EnlaceDatosDirecto\Wpf_EnlaceDatosDirecto.csproj", "{4AC8D11F-5672-4ECE-B2EA-41D4A840BD25}"
EndProject
Global
	GlobalSection(SolutionConfigurationPlatforms) = preSolution
		Debug|Any CPU = Debug|Any CPU
		Release|Any CPU = Release|Any CPU
	EndGlobalSection
	GlobalSection(ProjectConfigurationPlatforms) = postSolution
		{4AC8D11F-5672-4ECE-B2EA-41D4A840BD25}.Debug|Any CPU.ActiveCfg = Debug|Any CPU
		{4AC8D11F-5672-4ECE-B2EA-41D4A840BD25}.Debug|Any CPU.Build.0 = Debug|Any CPU
		{4AC8D11F-5672-4ECE-B2EA-41D4A840BD25}.Release|Any CPU.ActiveCfg = Release|Any CPU
		{4AC8D11F-5672-4ECE-B2EA-41D4A840BD25}.Release|Any CPU.Build.0 = Release|Any CPU
	EndGlobalSection
	GlobalSection(SolutionProperties) = preSolution
		HideSolutionNode = FALSE
	EndGlobalSection
EndGlobal
